{
    "_readme": [
        "This file locks the dependencies of your project to a known state",
        "Read more about it at https://getcomposer.org/doc/01-basic-usage.md#composer-lock-the-lock-file",
        "This file is @generated automatically"
    ],
    "hash": "f1bb2171071f013dca9f5b268f18a78b",
    "content-hash": "f80c7cc4df34199a854b58b903fc63f9",
    "packages": [
        {
            "name": "phpixie/slice",
            "version": "dev-master",
            "source": {
                "type": "git",
                "url": "https://github.com/PHPixie/Slice.git",
                "reference": "ab9d4b4eaac1f948ebb93a71849dbfe44cbea1f6"
            },
            "dist": {
                "type": "zip",
                "url": "https://api.github.com/repos/PHPixie/Slice/zipball/ab9d4b4eaac1f948ebb93a71849dbfe44cbea1f6",
                "reference": "ab9d4b4eaac1f948ebb93a71849dbfe44cbea1f6",
                "shasum": ""
            },
            "require-dev": {
                "phpixie/test": "3.*@dev"
            },
            "type": "library",
            "extra": {
                "branch-alias": {
                    "dev-master": "3.x-dev"
                }
            },
            "autoload": {
                "psr-4": {
                    "PHPixie\\": "src/PHPixie",
                    "PHPixie\\Tests\\": "tests/PHPixie/Tests"
                }
            },
            "notification-url": "https://packagist.org/downloads/",
            "license": [
                "BSD"
            ],
            "authors": [
                {
                    "name": "Roman Tsiupa",
                    "email": "draconyster@gmail.com",
                    "homepage": "http://dracony.org"
                }
            ],
            "description": "Slice library for PHPixie",
            "homepage": "http://phpixie.com",
            "keywords": [
                "array",
                "data",
                "parameters"
            ],
            "time": "2015-04-19 00:49:02"
        }
    ],
    "packages-dev": [
        {
            "name": "phpixie/test",
            "version": "dev-master",
            "source": {
                "type": "git",
                "url": "https://github.com/PHPixie/Test.git",
                "reference": "9663d651392185ace889fef15e7809a7bd302348"
            },
            "dist": {
                "type": "zip",
                "url": "https://api.github.com/repos/PHPixie/Test/zipball/9663d651392185ace889fef15e7809a7bd302348",
                "reference": "9663d651392185ace889fef15e7809a7bd302348",
                "shasum": ""
            },
            "type": "library",
            "extra": {
                "branch-alias": {
                    "dev-master": "3.x-dev"
                }
            },
            "autoload": {
                "psr-0": {
                    "PHPixie": "src/"
                }
            },
            "notification-url": "https://packagist.org/downloads/",
            "license": [
                "BSD"
            ],
            "authors": [
                {
                    "name": "Roman Tsiupa",
                    "email": "draconyster@gmail.com",
                    "homepage": "http://dracony.org"
                }
            ],
            "description": "Testing library for PHPixie",
            "homepage": "http://phpixie.com",
            "keywords": [
                "phpunit",
                "test"
            ],
            "time": "2015-03-09 13:46:41"
        }
    ],
    "aliases": [],
    "minimum-stability": "stable",
    "stability-flags": {
        "phpixie/slice": 20,
        "phpixie/test": 20
    },
    "prefer-stable": false,
    "prefer-lowest": false,
    "platform": [],
    "platform-dev": []
}
